
Microsoft Visual Studio Solution File, Format Version 12.00
# Visual Studio Version 17
VisualStudioVersion = 17.6.33712.159
MinimumVisualStudioVersion = 10.0.40219.1
Project("{FAE04EC0-301F-11D3-BF4B-00C04F79EFBC}") = "ReportService", "ReportService\ReportService.csproj", "{F03150DA-FC72-4BE9-B0FC-C847B1019C71}"
EndProject
Project("{FAE04EC0-301F-11D3-BF4B-00C04F79EFBC}") = "EmailSender", "EmailSender\EmailSender.csproj", "{A891817C-E3FE-4E3B-B30C-48F202EF4497}"
EndProject
Project("{FAE04EC0-301F-11D3-BF4B-00C04F79EFBC}") = "ReportService.Core", "ReportService.Core\ReportService.Core.csproj", "{265BF368-7C4C-4C49-96F3-2DD60BC2E59B}"
EndProject
Project("{FAE04EC0-301F-11D3-BF4B-00C04F79EFBC}") = "ReportService.ConsoleApp", "ReportService.ConsoleApp\ReportService.ConsoleApp.csproj", "{2D34582A-B850-4B87-B22A-0A419408379F}"
EndProject
Project("{FAE04EC0-301F-11D3-BF4B-00C04F79EFBC}") = "Cipher", "Cipher\Cipher.csproj", "{C3E50B31-AA67-4B6A-8BD1-F67225161BC9}"
EndProject
Global
	GlobalSection(SolutionConfigurationPlatforms) = preSolution
		Debug|Any CPU = Debug|Any CPU
		Release|Any CPU = Release|Any CPU
	EndGlobalSection
	GlobalSection(ProjectConfigurationPlatforms) = postSolution
		{F03150DA-FC72-4BE9-B0FC-C847B1019C71}.Debug|Any CPU.ActiveCfg = Debug|Any CPU
		{F03150DA-FC72-4BE9-B0FC-C847B1019C71}.Debug|Any CPU.Build.0 = Debug|Any CPU
		{F03150DA-FC72-4BE9-B0FC-C847B1019C71}.Release|Any CPU.ActiveCfg = Release|Any CPU
		{F03150DA-FC72-4BE9-B0FC-C847B1019C71}.Release|Any CPU.Build.0 = Release|Any CPU
		{A891817C-E3FE-4E3B-B30C-48F202EF4497}.Debug|Any CPU.ActiveCfg = Debug|Any CPU
		{A891817C-E3FE-4E3B-B30C-48F202EF4497}.Debug|Any CPU.Build.0 = Debug|Any CPU
		{A891817C-E3FE-4E3B-B30C-48F202EF4497}.Release|Any CPU.ActiveCfg = Release|Any CPU
		{A891817C-E3FE-4E3B-B30C-48F202EF4497}.Release|Any CPU.Build.0 = Release|Any CPU
		{265BF368-7C4C-4C49-96F3-2DD60BC2E59B}.Debug|Any CPU.ActiveCfg = Debug|Any CPU
		{265BF368-7C4C-4C49-96F3-2DD60BC2E59B}.Debug|Any CPU.Build.0 = Debug|Any CPU
		{265BF368-7C4C-4C49-96F3-2DD60BC2E59B}.Release|Any CPU.ActiveCfg = Release|Any CPU
		{265BF368-7C4C-4C49-96F3-2DD60BC2E59B}.Release|Any CPU.Build.0 = Release|Any CPU
		{2D34582A-B850-4B87-B22A-0A419408379F}.Debug|Any CPU.ActiveCfg = Debug|Any CPU
		{2D34582A-B850-4B87-B22A-0A419408379F}.Debug|Any CPU.Build.0 = Debug|Any CPU
		{2D34582A-B850-4B87-B22A-0A419408379F}.Release|Any CPU.ActiveCfg = Release|Any CPU
		{2D34582A-B850-4B87-B22A-0A419408379F}.Release|Any CPU.Build.0 = Release|Any CPU
		{C3E50B31-AA67-4B6A-8BD1-F67225161BC9}.Debug|Any CPU.ActiveCfg = Debug|Any CPU
		{C3E50B31-AA67-4B6A-8BD1-F67225161BC9}.Debug|Any CPU.Build.0 = Debug|Any CPU
		{C3E50B31-AA67-4B6A-8BD1-F67225161BC9}.Release|Any CPU.ActiveCfg = Release|Any CPU
		{C3E50B31-AA67-4B6A-8BD1-F67225161BC9}.Release|Any CPU.Build.0 = Release|Any CPU
	EndGlobalSection
	GlobalSection(SolutionProperties) = preSolution
		HideSolutionNode = FALSE
	EndGlobalSection
	GlobalSection(ExtensibilityGlobals) = postSolution
		SolutionGuid = {3787CF50-BC34-4E97-9F77-17F6820610CD}
	EndGlobalSection
EndGlobal
